
Microsoft Visual Studio Solution File, Format Version 12.00
# Visual Studio Version 17
VisualStudioVersion = 17.11.35327.3
MinimumVisualStudioVersion = 10.0.40219.1
Project("{8BC9CEB8-8B4A-11D0-8D11-00A0C91BC942}") = "Assignment", "Assignment.vcxproj", "{DEEF8EEE-7922-48CE-BDB2-978693A7A1D5}"
EndProject
Global
	GlobalSection(SolutionConfigurationPlatforms) = preSolution
		Debug|x64 = Debug|x64
		Debug|x86 = Debug|x86
		Release|x64 = Release|x64
		Release|x86 = Release|x86
	EndGlobalSection
	GlobalSection(ProjectConfigurationPlatforms) = postSolution
		{DEEF8EEE-7922-48CE-BDB2-978693A7A1D5}.Debug|x64.ActiveCfg = Debug|x64
		{DEEF8EEE-7922-48CE-BDB2-978693A7A1D5}.Debug|x64.Build.0 = Debug|x64
		{DEEF8EEE-7922-48CE-BDB2-978693A7A1D5}.Debug|x86.ActiveCfg = Debug|Win32
		{DEEF8EEE-7922-48CE-BDB2-978693A7A1D5}.Debug|x86.Build.0 = Debug|Win32
		{DEEF8EEE-7922-48CE-BDB2-978693A7A1D5}.Release|x64.ActiveCfg = Release|x64
		{DEEF8EEE-7922-48CE-BDB2-978693A7A1D5}.Release|x64.Build.0 = Release|x64
		{DEEF8EEE-7922-48CE-BDB2-978693A7A1D5}.Release|x86.ActiveCfg = Release|Win32
		{DEEF8EEE-7922-48CE-BDB2-978693A7A1D5}.Release|x86.Build.0 = Release|Win32
	EndGlobalSection
	GlobalSection(SolutionProperties) = preSolution
		HideSolutionNode = FALSE
	EndGlobalSection
	GlobalSection(ExtensibilityGlobals) = postSolution
		SolutionGuid = {2DD0A1FB-706B-4610-BDCB-DD73DCB254E1}
	EndGlobalSection
EndGlobal
