
Microsoft Visual Studio Solution File, Format Version 12.00
# Visual Studio Version 17
VisualStudioVersion = 17.11.35327.3
MinimumVisualStudioVersion = 10.0.40219.1
Project("{8BC9CEB8-8B4A-11D0-8D11-00A0C91BC942}") = "13", "13.vcxproj", "{07E7CDB8-E353-4F00-9B52-1B4C4C012F74}"
EndProject
Project("{8BC9CEB8-8B4A-11D0-8D11-00A0C91BC942}") = "SOLID", "..\SOLID\SOLID.vcxproj", "{9E564BE6-A4A7-401F-8878-15D73BEC46A9}"
EndProject
Project("{8BC9CEB8-8B4A-11D0-8D11-00A0C91BC942}") = "Map", "..\Map\Map.vcxproj", "{68A5A4C9-4EC3-43D7-B75D-9D1ABCD500A0}"
EndProject
Global
	GlobalSection(SolutionConfigurationPlatforms) = preSolution
		Debug|x64 = Debug|x64
		Debug|x86 = Debug|x86
		Release|x64 = Release|x64
		Release|x86 = Release|x86
	EndGlobalSection
	GlobalSection(ProjectConfigurationPlatforms) = postSolution
		{07E7CDB8-E353-4F00-9B52-1B4C4C012F74}.Debug|x64.ActiveCfg = Debug|x64
		{07E7CDB8-E353-4F00-9B52-1B4C4C012F74}.Debug|x64.Build.0 = Debug|x64
		{07E7CDB8-E353-4F00-9B52-1B4C4C012F74}.Debug|x86.ActiveCfg = Debug|Win32
		{07E7CDB8-E353-4F00-9B52-1B4C4C012F74}.Debug|x86.Build.0 = Debug|Win32
		{07E7CDB8-E353-4F00-9B52-1B4C4C012F74}.Release|x64.ActiveCfg = Release|x64
		{07E7CDB8-E353-4F00-9B52-1B4C4C012F74}.Release|x64.Build.0 = Release|x64
		{07E7CDB8-E353-4F00-9B52-1B4C4C012F74}.Release|x86.ActiveCfg = Release|Win32
		{07E7CDB8-E353-4F00-9B52-1B4C4C012F74}.Release|x86.Build.0 = Release|Win32
		{9E564BE6-A4A7-401F-8878-15D73BEC46A9}.Debug|x64.ActiveCfg = Debug|x64
		{9E564BE6-A4A7-401F-8878-15D73BEC46A9}.Debug|x64.Build.0 = Debug|x64
		{9E564BE6-A4A7-401F-8878-15D73BEC46A9}.Debug|x86.ActiveCfg = Debug|Win32
		{9E564BE6-A4A7-401F-8878-15D73BEC46A9}.Debug|x86.Build.0 = Debug|Win32
		{9E564BE6-A4A7-401F-8878-15D73BEC46A9}.Release|x64.ActiveCfg = Release|x64
		{9E564BE6-A4A7-401F-8878-15D73BEC46A9}.Release|x64.Build.0 = Release|x64
		{9E564BE6-A4A7-401F-8878-15D73BEC46A9}.Release|x86.ActiveCfg = Release|Win32
		{9E564BE6-A4A7-401F-8878-15D73BEC46A9}.Release|x86.Build.0 = Release|Win32
		{68A5A4C9-4EC3-43D7-B75D-9D1ABCD500A0}.Debug|x64.ActiveCfg = Debug|x64
		{68A5A4C9-4EC3-43D7-B75D-9D1ABCD500A0}.Debug|x64.Build.0 = Debug|x64
		{68A5A4C9-4EC3-43D7-B75D-9D1ABCD500A0}.Debug|x86.ActiveCfg = Debug|Win32
		{68A5A4C9-4EC3-43D7-B75D-9D1ABCD500A0}.Debug|x86.Build.0 = Debug|Win32
		{68A5A4C9-4EC3-43D7-B75D-9D1ABCD500A0}.Release|x64.ActiveCfg = Release|x64
		{68A5A4C9-4EC3-43D7-B75D-9D1ABCD500A0}.Release|x64.Build.0 = Release|x64
		{68A5A4C9-4EC3-43D7-B75D-9D1ABCD500A0}.Release|x86.ActiveCfg = Release|Win32
		{68A5A4C9-4EC3-43D7-B75D-9D1ABCD500A0}.Release|x86.Build.0 = Release|Win32
	EndGlobalSection
	GlobalSection(SolutionProperties) = preSolution
		HideSolutionNode = FALSE
	EndGlobalSection
	GlobalSection(ExtensibilityGlobals) = postSolution
		SolutionGuid = {F13259CE-1C4F-4A82-90CA-0A9ED91D7223}
	EndGlobalSection
EndGlobal
