
Microsoft Visual Studio Solution File, Format Version 12.00
# Visual Studio Version 16
VisualStudioVersion = 16.0.33801.447
MinimumVisualStudioVersion = 10.0.40219.1
Project("{8BC9CEB8-8B4A-11D0-8D11-00A0C91BC942}") = "Assignment_241108", "Assignment_241108\Assignment_241108.vcxproj", "{0FCFCB54-88DB-4B6F-812E-A0B66BD9AEBD}"
EndProject
Global
	GlobalSection(SolutionConfigurationPlatforms) = preSolution
		Debug|x64 = Debug|x64
		Debug|x86 = Debug|x86
		Release|x64 = Release|x64
		Release|x86 = Release|x86
	EndGlobalSection
	GlobalSection(ProjectConfigurationPlatforms) = postSolution
		{0FCFCB54-88DB-4B6F-812E-A0B66BD9AEBD}.Debug|x64.ActiveCfg = Debug|x64
		{0FCFCB54-88DB-4B6F-812E-A0B66BD9AEBD}.Debug|x64.Build.0 = Debug|x64
		{0FCFCB54-88DB-4B6F-812E-A0B66BD9AEBD}.Debug|x86.ActiveCfg = Debug|Win32
		{0FCFCB54-88DB-4B6F-812E-A0B66BD9AEBD}.Debug|x86.Build.0 = Debug|Win32
		{0FCFCB54-88DB-4B6F-812E-A0B66BD9AEBD}.Release|x64.ActiveCfg = Release|x64
		{0FCFCB54-88DB-4B6F-812E-A0B66BD9AEBD}.Release|x64.Build.0 = Release|x64
		{0FCFCB54-88DB-4B6F-812E-A0B66BD9AEBD}.Release|x86.ActiveCfg = Release|Win32
		{0FCFCB54-88DB-4B6F-812E-A0B66BD9AEBD}.Release|x86.Build.0 = Release|Win32
	EndGlobalSection
	GlobalSection(SolutionProperties) = preSolution
		HideSolutionNode = FALSE
	EndGlobalSection
	GlobalSection(ExtensibilityGlobals) = postSolution
		SolutionGuid = {201C3984-4DAF-4B44-8045-B701F3514F90}
	EndGlobalSection
EndGlobal
