<?xml version="1.0" encoding="utf-8"?>
<Project ToolsVersion="4.0" xmlns="http://schemas.microsoft.com/developer/msbuild/2003">
  <ItemGroup>
    <Filter Include="소스 파일">
      <UniqueIdentifier>{4FC737F1-C7A5-4376-A066-2A32D752A2FF}</UniqueIdentifier>
      <Extensions>cpp;c;cc;cxx;c++;cppm;ixx;def;odl;idl;hpj;bat;asm;asmx</Extensions>
    </Filter>
    <Filter Include="헤더 파일">
      <UniqueIdentifier>{93995380-89BD-4b04-88EB-625FBE52EBFB}</UniqueIdentifier>
      <Extensions>h;hh;hpp;hxx;h++;hm;inl;inc;ipp;xsd</Extensions>
    </Filter>
    <Filter Include="리소스 파일">
      <UniqueIdentifier>{67DA6AB6-F800-4c08-8B7A-83BB121AAD01}</UniqueIdentifier>
      <Extensions>rc;ico;cur;bmp;dlg;rc2;rct;bin;rgs;gif;jpg;jpeg;jpe;resx;tiff;tif;png;wav;mfcribbon-ms</Extensions>
    </Filter>
    <Filter Include="소스 파일\Inventory">
      <UniqueIdentifier>{63107262-f06c-4fb5-9c00-66c999c8c9b3}</UniqueIdentifier>
    </Filter>
    <Filter Include="헤더 파일\Inventory">
      <UniqueIdentifier>{fc323b15-b9dd-4a83-a576-641c0ba604d9}</UniqueIdentifier>
    </Filter>
    <Filter Include="MapTile">
      <UniqueIdentifier>{ab0fa730-14ef-4c81-ac71-3eea6282c29c}</UniqueIdentifier>
    </Filter>
    <Filter Include="MapTile\cppFile">
      <UniqueIdentifier>{0bb0c770-69c5-4d93-8eec-e9d94ff9ad89}</UniqueIdentifier>
    </Filter>
    <Filter Include="MapTile\headerFile">
      <UniqueIdentifier>{b56606e7-9ad3-4887-a054-eeb72540c044}</UniqueIdentifier>
    </Filter>
    <Filter Include="Event">
      <UniqueIdentifier>{2840cf7d-97fd-48e5-8366-67b3fd690ee7}</UniqueIdentifier>
    </Filter>
  </ItemGroup>
  <ItemGroup>
    <ClCompile Include="namespace.cpp">
      <Filter>소스 파일</Filter>
    </ClCompile>
    <ClCompile Include="Node.cpp">
      <Filter>소스 파일</Filter>
    </ClCompile>
    <ClCompile Include="RoomNode.cpp">
      <Filter>소스 파일</Filter>
    </ClCompile>
    <ClCompile Include="RoomGenerator.cpp">
      <Filter>소스 파일</Filter>
    </ClCompile>
    <ClCompile Include="StructureHelper.cpp">
      <Filter>소스 파일</Filter>
    </ClCompile>
    <ClCompile Include="BSP.cpp">
      <Filter>소스 파일</Filter>
    </ClCompile>
    <ClCompile Include="Line.cpp">
      <Filter>소스 파일</Filter>
    </ClCompile>
    <ClCompile Include="DungeonGenerator.cpp">
      <Filter>소스 파일</Filter>
    </ClCompile>
    <ClCompile Include="CorridorNode.cpp">
      <Filter>소스 파일</Filter>
    </ClCompile>
    <ClCompile Include="Test01.cpp">
      <Filter>소스 파일</Filter>
    </ClCompile>
    <ClCompile Include="CooridorsGenerator.cpp">
      <Filter>소스 파일</Filter>
    </ClCompile>
    <ClCompile Include="TileBase.cpp">
      <Filter>MapTile\cppFile</Filter>
    </ClCompile>
    <ClCompile Include="Game.cpp">
      <Filter>소스 파일</Filter>
    </ClCompile>
    <ClCompile Include="main.cpp">
      <Filter>소스 파일</Filter>
    </ClCompile>
    <ClCompile Include="Event.cpp">
      <Filter>Event</Filter>
    </ClCompile>
    <ClCompile Include="WellEvent.cpp">
      <Filter>Event</Filter>
    </ClCompile>
    <ClCompile Include="EventManager.cpp">
      <Filter>Event</Filter>
    </ClCompile>
    <ClCompile Include="StatuesEvent.cpp">
      <Filter>Event</Filter>
    </ClCompile>
    <ClCompile Include="DevilStatuesEvent.cpp">
      <Filter>Event</Filter>
    </ClCompile>
    <ClCompile Include="ChestEvent.cpp">
      <Filter>Event</Filter>
    </ClCompile>
  </ItemGroup>
  <ItemGroup>
    <ClInclude Include="Node.h">
      <Filter>헤더 파일</Filter>
    </ClInclude>
    <ClInclude Include="RoomNode.h">
      <Filter>헤더 파일</Filter>
    </ClInclude>
    <ClInclude Include="RoomGenerator.h">
      <Filter>헤더 파일</Filter>
    </ClInclude>
    <ClInclude Include="StructureHelper.h">
      <Filter>헤더 파일</Filter>
    </ClInclude>
    <ClInclude Include="BSP.h">
      <Filter>헤더 파일</Filter>
    </ClInclude>
    <ClInclude Include="Line.h">
      <Filter>헤더 파일</Filter>
    </ClInclude>
    <ClInclude Include="DungeonGenerator.h">
      <Filter>헤더 파일</Filter>
    </ClInclude>
    <ClInclude Include="CorridorNode.h">
      <Filter>헤더 파일</Filter>
    </ClInclude>
    <ClInclude Include="CooridorsGenerator.h">
      <Filter>헤더 파일</Filter>
    </ClInclude>
    <ClInclude Include="TileBase.h">
      <Filter>MapTile\headerFile</Filter>
    </ClInclude>
    <ClInclude Include="Game.h">
      <Filter>헤더 파일</Filter>
    </ClInclude>
    <ClInclude Include="Event.h">
      <Filter>Event</Filter>
    </ClInclude>
    <ClInclude Include="WellEvent.h">
      <Filter>Event</Filter>
    </ClInclude>
    <ClInclude Include="EventManager.h">
      <Filter>Event</Filter>
    </ClInclude>
    <ClInclude Include="StatuesEvent.h">
      <Filter>Event</Filter>
    </ClInclude>
    <ClInclude Include="DevilStatuesEvent.h">
      <Filter>Event</Filter>
    </ClInclude>
    <ClInclude Include="ChestEvent.h">
      <Filter>Event</Filter>
    </ClInclude>
  </ItemGroup>
</Project>